
Microsoft Visual Studio Solution File, Format Version 12.00
# Visual Studio Version 17
VisualStudioVersion = 17.14.36811.4
MinimumVisualStudioVersion = 10.0.40219.1
Project("{FAE04EC0-301F-11D3-BF4B-00C04F79EFBC}") = "Shiny", "Shiny\Shiny.csproj", "{2782BA79-148B-5490-C5F0-E378140D653D}"
EndProject
Global
	GlobalSection(SolutionConfigurationPlatforms) = preSolution
		Debug|Any CPU = Debug|Any CPU
		Release|Any CPU = Release|Any CPU
	EndGlobalSection
	GlobalSection(ProjectConfigurationPlatforms) = postSolution
		{2782BA79-148B-5490-C5F0-E378140D653D}.Debug|Any CPU.ActiveCfg = Debug|Any CPU
		{2782BA79-148B-5490-C5F0-E378140D653D}.Debug|Any CPU.Build.0 = Debug|Any CPU
		{2782BA79-148B-5490-C5F0-E378140D653D}.Release|Any CPU.ActiveCfg = Release|Any CPU
		{2782BA79-148B-5490-C5F0-E378140D653D}.Release|Any CPU.Build.0 = Release|Any CPU
	EndGlobalSection
	GlobalSection(SolutionProperties) = preSolution
		HideSolutionNode = FALSE
	EndGlobalSection
	GlobalSection(ExtensibilityGlobals) = postSolution
		SolutionGuid = {15C9291D-CB97-4D1B-A94D-C808D6FFD147}
	EndGlobalSection
EndGlobal
